
Microsoft Visual Studio Solution File, Format Version 12.00
# Visual Studio Version 16
VisualStudioVersion = 16.0.31402.337
MinimumVisualStudioVersion = 10.0.40219.1
Project("{FAE04EC0-301F-11D3-BF4B-00C04F79EFBC}") = "jira-api-serv", "jira-api-serv\jira-api-serv.csproj", "{401FD12D-1231-43E0-893E-371A6412F2A2}"
EndProject
Global
	GlobalSection(SolutionConfigurationPlatforms) = preSolution
		Debug|Any CPU = Debug|Any CPU
		Release|Any CPU = Release|Any CPU
	EndGlobalSection
	GlobalSection(ProjectConfigurationPlatforms) = postSolution
		{401FD12D-1231-43E0-893E-371A6412F2A2}.Debug|Any CPU.ActiveCfg = Debug|Any CPU
		{401FD12D-1231-43E0-893E-371A6412F2A2}.Debug|Any CPU.Build.0 = Debug|Any CPU
		{401FD12D-1231-43E0-893E-371A6412F2A2}.Release|Any CPU.ActiveCfg = Release|Any CPU
		{401FD12D-1231-43E0-893E-371A6412F2A2}.Release|Any CPU.Build.0 = Release|Any CPU
	EndGlobalSection
	GlobalSection(SolutionProperties) = preSolution
		HideSolutionNode = FALSE
	EndGlobalSection
	GlobalSection(ExtensibilityGlobals) = postSolution
		SolutionGuid = {718736BE-1A7F-4EFF-8B61-C9778A13AA8A}
	EndGlobalSection
EndGlobal
